
Microsoft Visual Studio Solution File, Format Version 12.00
# Visual Studio Version 16
VisualStudioVersion = 16.0.29306.81
MinimumVisualStudioVersion = 10.0.40219.1
Project("{FAE04EC0-301F-11D3-BF4B-00C04F79EFBC}") = "Contact Manager", "Contact Manager\Contact Manager.csproj", "{2AE3CC08-090B-439A-A355-E776E0811C48}"
EndProject
Global
	GlobalSection(SolutionConfigurationPlatforms) = preSolution
		Debug|Any CPU = Debug|Any CPU
		Release|Any CPU = Release|Any CPU
	EndGlobalSection
	GlobalSection(ProjectConfigurationPlatforms) = postSolution
		{2AE3CC08-090B-439A-A355-E776E0811C48}.Debug|Any CPU.ActiveCfg = Debug|Any CPU
		{2AE3CC08-090B-439A-A355-E776E0811C48}.Debug|Any CPU.Build.0 = Debug|Any CPU
		{2AE3CC08-090B-439A-A355-E776E0811C48}.Release|Any CPU.ActiveCfg = Release|Any CPU
		{2AE3CC08-090B-439A-A355-E776E0811C48}.Release|Any CPU.Build.0 = Release|Any CPU
	EndGlobalSection
	GlobalSection(SolutionProperties) = preSolution
		HideSolutionNode = FALSE
	EndGlobalSection
	GlobalSection(ExtensibilityGlobals) = postSolution
		SolutionGuid = {1C396B4A-1560-4358-B465-198A05D63667}
	EndGlobalSection
EndGlobal
